// !$*UTF8*$!
{
	archiveVersion = 1;
	classes = {
	};
	objectVersion = 48;
	objects = {

/* Begin PBXBuildFile section */
		3215A3CE1FD35C3500E0215C /* AppDelegate.m in Sources */ = {isa = PBXBuildFile; fileRef = 3215A3CD1FD35C3500E0215C /* AppDelegate.m */; };
		3215A3D11FD35C3500E0215C /* FirstViewController.m in Sources */ = {isa = PBXBuildFile; fileRef = 3215A3D01FD35C3500E0215C /* FirstViewController.m */; };
		3215A3D41FD35C3500E0215C /* SecondViewController.m in Sources */ = {isa = PBXBuildFile; fileRef = 3215A3D31FD35C3500E0215C /* SecondViewController.m */; };
		3215A3D71FD35C3500E0215C /* Main.storyboard in Resources */ = {isa = PBXBuildFile; fileRef = 3215A3D51FD35C3500E0215C /* Main.storyboard */; };
		3215A3D91FD35C3500E0215C /* Assets.xcassets in Resources */ = {isa = PBXBuildFile; fileRef = 3215A3D81FD35C3500E0215C /* Assets.xcassets */; };
		3215A3DC1FD35C3500E0215C /* LaunchScreen.storyboard in Resources */ = {isa = PBXBuildFile; fileRef = 3215A3DA1FD35C3500E0215C /* LaunchScreen.storyboard */; };
		3215A3DF1FD35C3500E0215C /* main.m in Sources */ = {isa = PBXBuildFile; fileRef = 3215A3DE1FD35C3500E0215C /* main.m */; };
		3215A3E91FD35C3500E0215C /* uDayTests.m in Sources */ = {isa = PBXBuildFile; fileRef = 3215A3E81FD35C3500E0215C /* uDayTests.m */; };
		3215A3F41FD35C3500E0215C /* uDayUITests.m in Sources */ = {isa = PBXBuildFile; fileRef = 3215A3F31FD35C3500E0215C /* uDayUITests.m */; };
		3215A4031FD370DA00E0215C /* ThirdViewController.m in Sources */ = {isa = PBXBuildFile; fileRef = 3215A4021FD370DA00E0215C /* ThirdViewController.m */; };
		3215A40B1FD3722900E0215C /* Styler.m in Sources */ = {isa = PBXBuildFile; fileRef = 3215A40A1FD3722900E0215C /* Styler.m */; };
		328B7CFC1FD3A9C800CCE064 /* UIViewController+Styler.m in Sources */ = {isa = PBXBuildFile; fileRef = 328B7CFB1FD3A9C800CCE064 /* UIViewController+Styler.m */; };
		328B7CFF1FD3B8FC00CCE064 /* InfiniteScrollView.m in Sources */ = {isa = PBXBuildFile; fileRef = 328B7CFD1FD3B8FC00CCE064 /* InfiniteScrollView.m */; };
/* End PBXBuildFile section */

/* Begin PBXContainerItemProxy section */
		3215A3E51FD35C3500E0215C /* PBXContainerItemProxy */ = {
			isa = PBXContainerItemProxy;
			containerPortal = 3215A3C11FD35C3400E0215C /* Project object */;
			proxyType = 1;
			remoteGlobalIDString = 3215A3C81FD35C3400E0215C;
			remoteInfo = uDay;
		};
		3215A3F01FD35C3500E0215C /* PBXContainerItemProxy */ = {
			isa = PBXContainerItemProxy;
			containerPortal = 3215A3C11FD35C3400E0215C /* Project object */;
			proxyType = 1;
			remoteGlobalIDString = 3215A3C81FD35C3400E0215C;
			remoteInfo = uDay;
		};
/* End PBXContainerItemProxy section */

/* Begin PBXFileReference section */
		3215A3C91FD35C3500E0215C /* uDay.app */ = {isa = PBXFileReference; explicitFileType = wrapper.application; includeInIndex = 0; path = uDay.app; sourceTree = BUILT_PRODUCTS_DIR; };
		3215A3CC1FD35C3500E0215C /* AppDelegate.h */ = {isa = PBXFileReference; lastKnownFileType = sourcecode.c.h; path = AppDelegate.h; sourceTree = "<group>"; };
		3215A3CD1FD35C3500E0215C /* AppDelegate.m */ = {isa = PBXFileReference; lastKnownFileType = sourcecode.c.objc; path = AppDelegate.m; sourceTree = "<group>"; };
		3215A3CF1FD35C3500E0215C /* FirstViewController.h */ = {isa = PBXFileReference; lastKnownFileType = sourcecode.c.h; path = FirstViewController.h; sourceTree = "<group>"; };
		3215A3D01FD35C3500E0215C /* FirstViewController.m */ = {isa = PBXFileReference; lastKnownFileType = sourcecode.c.objc; path = FirstViewController.m; sourceTree = "<group>"; };
		3215A3D21FD35C3500E0215C /* SecondViewController.h */ = {isa = PBXFileReference; lastKnownFileType = sourcecode.c.h; path = SecondViewController.h; sourceTree = "<group>"; };
		3215A3D31FD35C3500E0215C /* SecondViewController.m */ = {isa = PBXFileReference; lastKnownFileType = sourcecode.c.objc; path = SecondViewController.m; sourceTree = "<group>"; };
		3215A3D61FD35C3500E0215C /* Base */ = {isa = PBXFileReference; lastKnownFileType = file.storyboard; name = Base; path = Base.lproj/Main.storyboard; sourceTree = "<group>"; };
		3215A3D81FD35C3500E0215C /* Assets.xcassets */ = {isa = PBXFileReference; lastKnownFileType = folder.assetcatalog; path = Assets.xcassets; sourceTree = "<group>"; };
		3215A3DB1FD35C3500E0215C /* Base */ = {isa = PBXFileReference; lastKnownFileType = file.storyboard; name = Base; path = Base.lproj/LaunchScreen.storyboard; sourceTree = "<group>"; };
		3215A3DD1FD35C3500E0215C /* Info.plist */ = {isa = PBXFileReference; lastKnownFileType = text.plist.xml; path = Info.plist; sourceTree = "<group>"; };
		3215A3DE1FD35C3500E0215C /* main.m */ = {isa = PBXFileReference; lastKnownFileType = sourcecode.c.objc; path = main.m; sourceTree = "<group>"; };
		3215A3E41FD35C3500E0215C /* uDayTests.xctest */ = {isa = PBXFileReference; explicitFileType = wrapper.cfbundle; includeInIndex = 0; path = uDayTests.xctest; sourceTree = BUILT_PRODUCTS_DIR; };
		3215A3E81FD35C3500E0215C /* uDayTests.m */ = {isa = PBXFileReference; lastKnownFileType = sourcecode.c.objc; path = uDayTests.m; sourceTree = "<group>"; };
		3215A3EA1FD35C3500E0215C /* Info.plist */ = {isa = PBXFileReference; lastKnownFileType = text.plist.xml; path = Info.plist; sourceTree = "<group>"; };
		3215A3EF1FD35C3500E0215C /* uDayUITests.xctest */ = {isa = PBXFileReference; explicitFileType = wrapper.cfbundle; includeInIndex = 0; path = uDayUITests.xctest; sourceTree = BUILT_PRODUCTS_DIR; };
		3215A3F31FD35C3500E0215C /* uDayUITests.m */ = {isa = PBXFileReference; lastKnownFileType = sourcecode.c.objc; path = uDayUITests.m; sourceTree = "<group>"; };
		3215A3F51FD35C3500E0215C /* Info.plist */ = {isa = PBXFileReference; lastKnownFileType = text.plist.xml; path = Info.plist; sourceTree = "<group>"; };
		3215A4011FD370DA00E0215C /* ThirdViewController.h */ = {isa = PBXFileReference; lastKnownFileType = sourcecode.c.h; path = ThirdViewController.h; sourceTree = "<group>"; };
		3215A4021FD370DA00E0215C /* ThirdViewController.m */ = {isa = PBXFileReference; lastKnownFileType = sourcecode.c.objc; path = ThirdViewController.m; sourceTree = "<group>"; };
		3215A4091FD3722900E0215C /* Styler.h */ = {isa = PBXFileReference; lastKnownFileType = sourcecode.c.h; path = Styler.h; sourceTree = "<group>"; };
		3215A40A1FD3722900E0215C /* Styler.m */ = {isa = PBXFileReference; lastKnownFileType = sourcecode.c.objc; path = Styler.m; sourceTree = "<group>"; };
		328B7CFA1FD3A88200CCE064 /* UIViewController+Styler.h */ = {isa = PBXFileReference; lastKnownFileType = sourcecode.c.h; path = "UIViewController+Styler.h"; sourceTree = "<group>"; };
		328B7CFB1FD3A9C800CCE064 /* UIViewController+Styler.m */ = {isa = PBXFileReference; lastKnownFileType = sourcecode.c.objc; path = "UIViewController+Styler.m"; sourceTree = "<group>"; };
		328B7CFD1FD3B8FC00CCE064 /* InfiniteScrollView.m */ = {isa = PBXFileReference; fileEncoding = 4; lastKnownFileType = sourcecode.c.objc; name = InfiniteScrollView.m; path = ../../../../../../Downloads/StreetScroller/StreetScroller/InfiniteScrollView.m; sourceTree = "<group>"; };
		328B7CFE1FD3B8FC00CCE064 /* InfiniteScrollView.h */ = {isa = PBXFileReference; fileEncoding = 4; lastKnownFileType = sourcecode.c.h; name = InfiniteScrollView.h; path = ../../../../../../Downloads/StreetScroller/StreetScroller/InfiniteScrollView.h; sourceTree = "<group>"; };
		328B7D421FD4A67B00CCE064 /* CoreData.framework */ = {isa = PBXFileReference; lastKnownFileType = wrapper.framework; name = CoreData.framework; path = System/Library/Frameworks/CoreData.framework; sourceTree = SDKROOT; };
/* End PBXFileReference section */

/* Begin PBXFrameworksBuildPhase section */
		3215A3C61FD35C3400E0215C /* Frameworks */ = {
			isa = PBXFrameworksBuildPhase;
			buildActionMask = 2147483647;
			files = (
			);
			runOnlyForDeploymentPostprocessing = 0;
		};
		3215A3E11FD35C3500E0215C /* Frameworks */ = {
			isa = PBXFrameworksBuildPhase;
			buildActionMask = 2147483647;
			files = (
			);
			runOnlyForDeploymentPostprocessing = 0;
		};
		3215A3EC1FD35C3500E0215C /* Frameworks */ = {
			isa = PBXFrameworksBuildPhase;
			buildActionMask = 2147483647;
			files = (
			);
			runOnlyForDeploymentPostprocessing = 0;
		};
/* End PBXFrameworksBuildPhase section */

/* Begin PBXGroup section */
		3215A3C01FD35C3400E0215C = {
			isa = PBXGroup;
			children = (
				3215A3CB1FD35C3500E0215C /* uDay */,
				3215A3E71FD35C3500E0215C /* uDayTests */,
				3215A3F21FD35C3500E0215C /* uDayUITests */,
				3215A3CA1FD35C3500E0215C /* Products */,
				328B7D411FD4A67B00CCE064 /* Frameworks */,
			);
			sourceTree = "<group>";
		};
		3215A3CA1FD35C3500E0215C /* Products */ = {
			isa = PBXGroup;
			children = (
				3215A3C91FD35C3500E0215C /* uDay.app */,
				3215A3E41FD35C3500E0215C /* uDayTests.xctest */,
				3215A3EF1FD35C3500E0215C /* uDayUITests.xctest */,
			);
			name = Products;
			sourceTree = "<group>";
		};
		3215A3CB1FD35C3500E0215C /* uDay */ = {
			isa = PBXGroup;
			children = (
				3215A3DD1FD35C3500E0215C /* Info.plist */,
				3215A3D81FD35C3500E0215C /* Assets.xcassets */,
				3215A4051FD370F200E0215C /* Shared */,
				3215A4041FD370DE00E0215C /* ViewControllers */,
				3215A4061FD3710D00E0215C /* Storyboards */,
				3215A4081FD3712C00E0215C /* dev */,
			);
			path = uDay;
			sourceTree = "<group>";
		};
		3215A3E71FD35C3500E0215C /* uDayTests */ = {
			isa = PBXGroup;
			children = (
				3215A3E81FD35C3500E0215C /* uDayTests.m */,
				3215A3EA1FD35C3500E0215C /* Info.plist */,
			);
			path = uDayTests;
			sourceTree = "<group>";
		};
		3215A3F21FD35C3500E0215C /* uDayUITests */ = {
			isa = PBXGroup;
			children = (
				3215A3F31FD35C3500E0215C /* uDayUITests.m */,
				3215A3F51FD35C3500E0215C /* Info.plist */,
			);
			path = uDayUITests;
			sourceTree = "<group>";
		};
		3215A4041FD370DE00E0215C /* ViewControllers */ = {
			isa = PBXGroup;
			children = (
				328B7CF91FD3A84600CCE064 /* Extensions */,
				328B7CF71FD3A82600CCE064 /* Tabs */,
			);
			path = ViewControllers;
			sourceTree = "<group>";
		};
		3215A4051FD370F200E0215C /* Shared */ = {
			isa = PBXGroup;
			children = (
				3215A3CC1FD35C3500E0215C /* AppDelegate.h */,
				3215A3CD1FD35C3500E0215C /* AppDelegate.m */,
				3215A4091FD3722900E0215C /* Styler.h */,
				3215A40A1FD3722900E0215C /* Styler.m */,
			);
			path = Shared;
			sourceTree = "<group>";
		};
		3215A4061FD3710D00E0215C /* Storyboards */ = {
			isa = PBXGroup;
			children = (
				3215A4071FD3711700E0215C /* Main */,
			);
			path = Storyboards;
			sourceTree = "<group>";
		};
		3215A4071FD3711700E0215C /* Main */ = {
			isa = PBXGroup;
			children = (
				3215A3D51FD35C3500E0215C /* Main.storyboard */,
				3215A3DA1FD35C3500E0215C /* LaunchScreen.storyboard */,
			);
			path = Main;
			sourceTree = "<group>";
		};
		3215A4081FD3712C00E0215C /* dev */ = {
			isa = PBXGroup;
			children = (
				3215A3DE1FD35C3500E0215C /* main.m */,
			);
			path = dev;
			sourceTree = "<group>";
		};
		328B7CF71FD3A82600CCE064 /* Tabs */ = {
			isa = PBXGroup;
			children = (
				328B7CFE1FD3B8FC00CCE064 /* InfiniteScrollView.h */,
				328B7CFD1FD3B8FC00CCE064 /* InfiniteScrollView.m */,
				3215A3CF1FD35C3500E0215C /* FirstViewController.h */,
				3215A3D01FD35C3500E0215C /* FirstViewController.m */,
				3215A3D21FD35C3500E0215C /* SecondViewController.h */,
				3215A3D31FD35C3500E0215C /* SecondViewController.m */,
				3215A4011FD370DA00E0215C /* ThirdViewController.h */,
				3215A4021FD370DA00E0215C /* ThirdViewController.m */,
			);
			path = Tabs;
			sourceTree = "<group>";
		};
		328B7CF91FD3A84600CCE064 /* Extensions */ = {
			isa = PBXGroup;
			children = (
				328B7CFA1FD3A88200CCE064 /* UIViewController+Styler.h */,
				328B7CFB1FD3A9C800CCE064 /* UIViewController+Styler.m */,
			);
			path = Extensions;
			sourceTree = "<group>";
		};
		328B7D411FD4A67B00CCE064 /* Frameworks */ = {
			isa = PBXGroup;
			children = (
				328B7D421FD4A67B00CCE064 /* CoreData.framework */,
			);
			name = Frameworks;
			sourceTree = "<group>";
		};
/* End PBXGroup section */

/* Begin PBXNativeTarget section */
		3215A3C81FD35C3400E0215C /* uDay */ = {
			isa = PBXNativeTarget;
			buildConfigurationList = 3215A3F81FD35C3500E0215C /* Build configuration list for PBXNativeTarget "uDay" */;
			buildPhases = (
				3215A3C51FD35C3400E0215C /* Sources */,
				3215A3C61FD35C3400E0215C /* Frameworks */,
				3215A3C71FD35C3400E0215C /* Resources */,
			);
			buildRules = (
			);
			dependencies = (
			);
			name = uDay;
			productName = uDay;
			productReference = 3215A3C91FD35C3500E0215C /* uDay.app */;
			productType = "com.apple.product-type.application";
		};
		3215A3E31FD35C3500E0215C /* uDayTests */ = {
			isa = PBXNativeTarget;
			buildConfigurationList = 3215A3FB1FD35C3500E0215C /* Build configuration list for PBXNativeTarget "uDayTests" */;
			buildPhases = (
				3215A3E01FD35C3500E0215C /* Sources */,
				3215A3E11FD35C3500E0215C /* Frameworks */,
				3215A3E21FD35C3500E0215C /* Resources */,
			);
			buildRules = (
			);
			dependencies = (
				3215A3E61FD35C3500E0215C /* PBXTargetDependency */,
			);
			name = uDayTests;
			productName = uDayTests;
			productReference = 3215A3E41FD35C3500E0215C /* uDayTests.xctest */;
			productType = "com.apple.product-type.bundle.unit-test";
		};
		3215A3EE1FD35C3500E0215C /* uDayUITests */ = {
			isa = PBXNativeTarget;
			buildConfigurationList = 3215A3FE1FD35C3500E0215C /* Build configuration list for PBXNativeTarget "uDayUITests" */;
			buildPhases = (
				3215A3EB1FD35C3500E0215C /* Sources */,
				3215A3EC1FD35C3500E0215C /* Frameworks */,
				3215A3ED1FD35C3500E0215C /* Resources */,
			);
			buildRules = (
			);
			dependencies = (
				3215A3F11FD35C3500E0215C /* PBXTargetDependency */,
			);
			name = uDayUITests;
			productName = uDayUITests;
			productReference = 3215A3EF1FD35C3500E0215C /* uDayUITests.xctest */;
			productType = "com.apple.product-type.bundle.ui-testing";
		};
/* End PBXNativeTarget section */

/* Begin PBXProject section */
		3215A3C11FD35C3400E0215C /* Project object */ = {
			isa = PBXProject;
			attributes = {
				LastUpgradeCheck = 0910;
				ORGANIZATIONNAME = Andriko;
				TargetAttributes = {
					3215A3C81FD35C3400E0215C = {
						CreatedOnToolsVersion = 9.1;
						ProvisioningStyle = Automatic;
					};
					3215A3E31FD35C3500E0215C = {
						CreatedOnToolsVersion = 9.1;
						ProvisioningStyle = Automatic;
						TestTargetID = 3215A3C81FD35C3400E0215C;
					};
					3215A3EE1FD35C3500E0215C = {
						CreatedOnToolsVersion = 9.1;
						ProvisioningStyle = Automatic;
						TestTargetID = 3215A3C81FD35C3400E0215C;
					};
				};
			};
			buildConfigurationList = 3215A3C41FD35C3400E0215C /* Build configuration list for PBXProject "uDay" */;
			compatibilityVersion = "Xcode 8.0";
			developmentRegion = en;
			hasScannedForEncodings = 0;
			knownRegions = (
				en,
				Base,
			);
			mainGroup = 3215A3C01FD35C3400E0215C;
			productRefGroup = 3215A3CA1FD35C3500E0215C /* Products */;
			projectDirPath = "";
			projectRoot = "";
			targets = (
				3215A3C81FD35C3400E0215C /* uDay */,
				3215A3E31FD35C3500E0215C /* uDayTests */,
				3215A3EE1FD35C3500E0215C /* uDayUITests */,
			);
		};
/* End PBXProject section */

/* Begin PBXResourcesBuildPhase section */
		3215A3C71FD35C3400E0215C /* Resources */ = {
			isa = PBXResourcesBuildPhase;
			buildActionMask = 2147483647;
			files = (
				3215A3DC1FD35C3500E0215C /* LaunchScreen.storyboard in Resources */,
				3215A3D91FD35C3500E0215C /* Assets.xcassets in Resources */,
				3215A3D71FD35C3500E0215C /* Main.storyboard in Resources */,
			);
			runOnlyForDeploymentPostprocessing = 0;
		};
		3215A3E21FD35C3500E0215C /* Resources */ = {
			isa = PBXResourcesBuildPhase;
			buildActionMask = 2147483647;
			files = (
			);
			runOnlyForDeploymentPostprocessing = 0;
		};
		3215A3ED1FD35C3500E0215C /* Resources */ = {
			isa = PBXResourcesBuildPhase;
			buildActionMask = 2147483647;
			files = (
			);
			runOnlyForDeploymentPostprocessing = 0;
		};
/* End PBXResourcesBuildPhase section */

/* Begin PBXSourcesBuildPhase section */
		3215A3C51FD35C3400E0215C /* Sources */ = {
			isa = PBXSourcesBuildPhase;
			buildActionMask = 2147483647;
			files = (
				3215A3D41FD35C3500E0215C /* SecondViewController.m in Sources */,
				3215A4031FD370DA00E0215C /* ThirdViewController.m in Sources */,
				328B7CFC1FD3A9C800CCE064 /* UIViewController+Styler.m in Sources */,
				3215A3CE1FD35C3500E0215C /* AppDelegate.m in Sources */,
				3215A3DF1FD35C3500E0215C /* main.m in Sources */,
				3215A40B1FD3722900E0215C /* Styler.m in Sources */,
				3215A3D11FD35C3500E0215C /* FirstViewController.m in Sources */,
				328B7CFF1FD3B8FC00CCE064 /* InfiniteScrollView.m in Sources */,
			);
			runOnlyForDeploymentPostprocessing = 0;
		};
		3215A3E01FD35C3500E0215C /* Sources */ = {
			isa = PBXSourcesBuildPhase;
			buildActionMask = 2147483647;
			files = (
				3215A3E91FD35C3500E0215C /* uDayTests.m in Sources */,
			);
			runOnlyForDeploymentPostprocessing = 0;
		};
		3215A3EB1FD35C3500E0215C /* Sources */ = {
			isa = PBXSourcesBuildPhase;
			buildActionMask = 2147483647;
			files = (
				3215A3F41FD35C3500E0215C /* uDayUITests.m in Sources */,
			);
			runOnlyForDeploymentPostprocessing = 0;
		};
/* End PBXSourcesBuildPhase section */

/* Begin PBXTargetDependency section */
		3215A3E61FD35C3500E0215C /* PBXTargetDependency */ = {
			isa = PBXTargetDependency;
			target = 3215A3C81FD35C3400E0215C /* uDay */;
			targetProxy = 3215A3E51FD35C3500E0215C /* PBXContainerItemProxy */;
		};
		3215A3F11FD35C3500E0215C /* PBXTargetDependency */ = {
			isa = PBXTargetDependency;
			target = 3215A3C81FD35C3400E0215C /* uDay */;
			targetProxy = 3215A3F01FD35C3500E0215C /* PBXContainerItemProxy */;
		};
/* End PBXTargetDependency section */

/* Begin PBXVariantGroup section */
		3215A3D51FD35C3500E0215C /* Main.storyboard */ = {
			isa = PBXVariantGroup;
			children = (
				3215A3D61FD35C3500E0215C /* Base */,
			);
			name = Main.storyboard;
			sourceTree = "<group>";
		};
		3215A3DA1FD35C3500E0215C /* LaunchScreen.storyboard */ = {
			isa = PBXVariantGroup;
			children = (
				3215A3DB1FD35C3500E0215C /* Base */,
			);
			name = LaunchScreen.storyboard;
			sourceTree = "<group>";
		};
/* End PBXVariantGroup section */

/* Begin XCBuildConfiguration section */
		3215A3F61FD35C3500E0215C /* Debug */ = {
			isa = XCBuildConfiguration;
			buildSettings = {
				ALWAYS_SEARCH_USER_PATHS = NO;
				CLANG_ANALYZER_NONNULL = YES;
				CLANG_ANALYZER_NUMBER_OBJECT_CONVERSION = YES_AGGRESSIVE;
				CLANG_CXX_LANGUAGE_STANDARD = "gnu++14";
				CLANG_CXX_LIBRARY = "libc++";
				CLANG_ENABLE_MODULES = YES;
				CLANG_ENABLE_OBJC_ARC = YES;
				CLANG_WARN_BLOCK_CAPTURE_AUTORELEASING = YES;
				CLANG_WARN_BOOL_CONVERSION = YES;
				CLANG_WARN_COMMA = YES;
				CLANG_WARN_CONSTANT_CONVERSION = YES;
				CLANG_WARN_DIRECT_OBJC_ISA_USAGE = YES_ERROR;
				CLANG_WARN_DOCUMENTATION_COMMENTS = YES;
				CLANG_WARN_EMPTY_BODY = YES;
				CLANG_WARN_ENUM_CONVERSION = YES;
				CLANG_WARN_INFINITE_RECURSION = YES;
				CLANG_WARN_INT_CONVERSION = YES;
				CLANG_WARN_NON_LITERAL_NULL_CONVERSION = YES;
				CLANG_WARN_OBJC_LITERAL_CONVERSION = YES;
				CLANG_WARN_OBJC_ROOT_CLASS = YES_ERROR;
				CLANG_WARN_RANGE_LOOP_ANALYSIS = YES;
				CLANG_WARN_STRICT_PROTOTYPES = YES;
				CLANG_WARN_SUSPICIOUS_MOVE = YES;
				CLANG_WARN_UNGUARDED_AVAILABILITY = YES_AGGRESSIVE;
				CLANG_WARN_UNREACHABLE_CODE = YES;
				CLANG_WARN__DUPLICATE_METHOD_MATCH = YES;
				CODE_SIGN_IDENTITY = "iPhone Developer";
				COPY_PHASE_STRIP = NO;
				DEBUG_INFORMATION_FORMAT = dwarf;
				ENABLE_STRICT_OBJC_MSGSEND = YES;
				ENABLE_TESTABILITY = YES;
				GCC_C_LANGUAGE_STANDARD = gnu11;
				GCC_DYNAMIC_NO_PIC = NO;
				GCC_NO_COMMON_BLOCKS = YES;
				GCC_OPTIMIZATION_LEVEL = 0;
				GCC_PREPROCESSOR_DEFINITIONS = (
					"DEBUG=1",
					"$(inherited)",
				);
				GCC_WARN_64_TO_32_BIT_CONVERSION = YES;
				GCC_WARN_ABOUT_RETURN_TYPE = YES_ERROR;
				GCC_WARN_UNDECLARED_SELECTOR = YES;
				GCC_WARN_UNINITIALIZED_AUTOS = YES_AGGRESSIVE;
				GCC_WARN_UNUSED_FUNCTION = YES;
				GCC_WARN_UNUSED_VARIABLE = YES;
				IPHONEOS_DEPLOYMENT_TARGET = 11.1;
				MTL_ENABLE_DEBUG_INFO = YES;
				ONLY_ACTIVE_ARCH = YES;
				SDKROOT = iphoneos;
			};
			name = Debug;
		};
		3215A3F71FD35C3500E0215C /* Release */ = {
			isa = XCBuildConfiguration;
			buildSettings = {
				ALWAYS_SEARCH_USER_PATHS = NO;
				CLANG_ANALYZER_NONNULL = YES;
				CLANG_ANALYZER_NUMBER_OBJECT_CONVERSION = YES_AGGRESSIVE;
				CLANG_CXX_LANGUAGE_STANDARD = "gnu++14";
				CLANG_CXX_LIBRARY = "libc++";
				CLANG_ENABLE_MODULES = YES;
				CLANG_ENABLE_OBJC_ARC = YES;
				CLANG_WARN_BLOCK_CAPTURE_AUTORELEASING = YES;
				CLANG_WARN_BOOL_CONVERSION = YES;
				CLANG_WARN_COMMA = YES;
				CLANG_WARN_CONSTANT_CONVERSION = YES;
				CLANG_WARN_DIRECT_OBJC_ISA_USAGE = YES_ERROR;
				CLANG_WARN_DOCUMENTATION_COMMENTS = YES;
				CLANG_WARN_EMPTY_BODY = YES;
				CLANG_WARN_ENUM_CONVERSION = YES;
				CLANG_WARN_INFINITE_RECURSION = YES;
				CLANG_WARN_INT_CONVERSION = YES;
				CLANG_WARN_NON_LITERAL_NULL_CONVERSION = YES;
				CLANG_WARN_OBJC_LITERAL_CONVERSION = YES;
				CLANG_WARN_OBJC_ROOT_CLASS = YES_ERROR;
				CLANG_WARN_RANGE_LOOP_ANALYSIS = YES;
				CLANG_WARN_STRICT_PROTOTYPES = YES;
				CLANG_WARN_SUSPICIOUS_MOVE = YES;
				CLANG_WARN_UNGUARDED_AVAILABILITY = YES_AGGRESSIVE;
				CLANG_WARN_UNREACHABLE_CODE = YES;
				CLANG_WARN__DUPLICATE_METHOD_MATCH = YES;
				CODE_SIGN_IDENTITY = "iPhone Developer";
				COPY_PHASE_STRIP = NO;
				DEBUG_INFORMATION_FORMAT = "dwarf-with-dsym";
				ENABLE_NS_ASSERTIONS = NO;
				ENABLE_STRICT_OBJC_MSGSEND = YES;
				GCC_C_LANGUAGE_STANDARD = gnu11;
				GCC_NO_COMMON_BLOCKS = YES;
				GCC_WARN_64_TO_32_BIT_CONVERSION = YES;
				GCC_WARN_ABOUT_RETURN_TYPE = YES_ERROR;
				GCC_WARN_UNDECLARED_SELECTOR = YES;
				GCC_WARN_UNINITIALIZED_AUTOS = YES_AGGRESSIVE;
				GCC_WARN_UNUSED_FUNCTION = YES;
				GCC_WARN_UNUSED_VARIABLE = YES;
				IPHONEOS_DEPLOYMENT_TARGET = 11.1;
				MTL_ENABLE_DEBUG_INFO = NO;
				SDKROOT = iphoneos;
				VALIDATE_PRODUCT = YES;
			};
			name = Release;
		};
		3215A3F91FD35C3500E0215C /* Debug */ = {
			isa = XCBuildConfiguration;
			buildSettings = {
				ASSETCATALOG_COMPILER_APPICON_NAME = AppIcon;
				CODE_SIGN_STYLE = Automatic;
				DEVELOPMENT_TEAM = 3Z9S567B34;
				INFOPLIST_FILE = uDay/Info.plist;
				LD_RUNPATH_SEARCH_PATHS = "$(inherited) @executable_path/Frameworks";
				PRODUCT_BUNDLE_IDENTIFIER = com.andrijko.uDay;
				PRODUCT_NAME = "$(TARGET_NAME)";
				TARGETED_DEVICE_FAMILY = "1,2";
			};
			name = Debug;
		};
		3215A3FA1FD35C3500E0215C /* Release */ = {
			isa = XCBuildConfiguration;
			buildSettings = {
				ASSETCATALOG_COMPILER_APPICON_NAME = AppIcon;
				CODE_SIGN_STYLE = Automatic;
				DEVELOPMENT_TEAM = 3Z9S567B34;
				INFOPLIST_FILE = uDay/Info.plist;
				LD_RUNPATH_SEARCH_PATHS = "$(inherited) @executable_path/Frameworks";
				PRODUCT_BUNDLE_IDENTIFIER = com.andrijko.uDay;
				PRODUCT_NAME = "$(TARGET_NAME)";
				TARGETED_DEVICE_FAMILY = "1,2";
			};
			name = Release;
		};
		3215A3FC1FD35C3500E0215C /* Debug */ = {
			isa = XCBuildConfiguration;
			buildSettings = {
				BUNDLE_LOADER = "$(TEST_HOST)";
				CODE_SIGN_STYLE = Automatic;
				DEVELOPMENT_TEAM = 3Z9S567B34;
				INFOPLIST_FILE = uDayTests/Info.plist;
				LD_RUNPATH_SEARCH_PATHS = "$(inherited) @executable_path/Frameworks @loader_path/Frameworks";
				PRODUCT_BUNDLE_IDENTIFIER = com.andrijko.uDayTests;
				PRODUCT_NAME = "$(TARGET_NAME)";
				TARGETED_DEVICE_FAMILY = "1,2";
				TEST_HOST = "$(BUILT_PRODUCTS_DIR)/uDay.app/uDay";
			};
			name = Debug;
		};
		3215A3FD1FD35C3500E0215C /* Release */ = {
			isa = XCBuildConfiguration;
			buildSettings = {
				BUNDLE_LOADER = "$(TEST_HOST)";
				CODE_SIGN_STYLE = Automatic;
				DEVELOPMENT_TEAM = 3Z9S567B34;
				INFOPLIST_FILE = uDayTests/Info.plist;
				LD_RUNPATH_SEARCH_PATHS = "$(inherited) @executable_path/Frameworks @loader_path/Frameworks";
				PRODUCT_BUNDLE_IDENTIFIER = com.andrijko.uDayTests;
				PRODUCT_NAME = "$(TARGET_NAME)";
				TARGETED_DEVICE_FAMILY = "1,2";
				TEST_HOST = "$(BUILT_PRODUCTS_DIR)/uDay.app/uDay";
			};
			name = Release;
		};
		3215A3FF1FD35C3500E0215C /* Debug */ = {
			isa = XCBuildConfiguration;
			buildSettings = {
				CODE_SIGN_STYLE = Automatic;
				DEVELOPMENT_TEAM = 3Z9S567B34;
				INFOPLIST_FILE = uDayUITests/Info.plist;
				LD_RUNPATH_SEARCH_PATHS = "$(inherited) @executable_path/Frameworks @loader_path/Frameworks";
				PRODUCT_BUNDLE_IDENTIFIER = com.andrijko.uDayUITests;
				PRODUCT_NAME = "$(TARGET_NAME)";
				TARGETED_DEVICE_FAMILY = "1,2";
				TEST_TARGET_NAME = uDay;
			};
			name = Debug;
		};
		3215A4001FD35C3500E0215C /* Release */ = {
			isa = XCBuildConfiguration;
			buildSettings = {
				CODE_SIGN_STYLE = Automatic;
				DEVELOPMENT_TEAM = 3Z9S567B34;
				INFOPLIST_FILE = uDayUITests/Info.plist;
				LD_RUNPATH_SEARCH_PATHS = "$(inherited) @executable_path/Frameworks @loader_path/Frameworks";
				PRODUCT_BUNDLE_IDENTIFIER = com.andrijko.uDayUITests;
				PRODUCT_NAME = "$(TARGET_NAME)";
				TARGETED_DEVICE_FAMILY = "1,2";
				TEST_TARGET_NAME = uDay;
			};
			name = Release;
		};
/* End XCBuildConfiguration section */

/* Begin XCConfigurationList section */
		3215A3C41FD35C3400E0215C /* Build configuration list for PBXProject "uDay" */ = {
			isa = XCConfigurationList;
			buildConfigurations = (
				3215A3F61FD35C3500E0215C /* Debug */,
				3215A3F71FD35C3500E0215C /* Release */,
			);
			defaultConfigurationIsVisible = 0;
			defaultConfigurationName = Release;
		};
		3215A3F81FD35C3500E0215C /* Build configuration list for PBXNativeTarget "uDay" */ = {
			isa = XCConfigurationList;
			buildConfigurations = (
				3215A3F91FD35C3500E0215C /* Debug */,
				3215A3FA1FD35C3500E0215C /* Release */,
			);
			defaultConfigurationIsVisible = 0;
			defaultConfigurationName = Release;
		};
		3215A3FB1FD35C3500E0215C /* Build configuration list for PBXNativeTarget "uDayTests" */ = {
			isa = XCConfigurationList;
			buildConfigurations = (
				3215A3FC1FD35C3500E0215C /* Debug */,
				3215A3FD1FD35C3500E0215C /* Release */,
			);
			defaultConfigurationIsVisible = 0;
			defaultConfigurationName = Release;
		};
		3215A3FE1FD35C3500E0215C /* Build configuration list for PBXNativeTarget "uDayUITests" */ = {
			isa = XCConfigurationList;
			buildConfigurations = (
				3215A3FF1FD35C3500E0215C /* Debug */,
				3215A4001FD35C3500E0215C /* Release */,
			);
			defaultConfigurationIsVisible = 0;
			defaultConfigurationName = Release;
		};
/* End XCConfigurationList section */
	};
	rootObject = 3215A3C11FD35C3400E0215C /* Project object */;
}
